{
  "originHash" : "ac35e736ec7399cf26c31cf9e939dfec392c9ea2a1a6a255a365e2ac371d96c7",
  "pins" : [
    {
      "identity" : "swift-bases",
      "kind" : "remoteSourceControl",
      "location" : "https://github.com/swift-libp2p/swift-bases.git",
      "state" : {
        "revision" : "96615d4b582f9f6536d8278304ce2a64c8e5288a",
        "version" : "0.2.0"
      }
    }
  ],
  "version" : 3
}
