{
  "originHash" : "ac35e736ec7399cf26c31cf9e939dfec392c9ea2a1a6a255a365e2ac371d96c7",
  "pins" : [
    {
      "identity" : "swift-bases",
      "kind" : "remoteSourceControl",
      "location" : "https://github.com/swift-libp2p/swift-bases.git",
      "state" : {
        "revision" : "162f6ef3ed3ebd5954c445443d93e41d30a473da",
        "version" : "0.2.1"
      }
    }
  ],
  "version" : 3
}
