{
  "object": {
    "pins": [
      {
        "package": "swift-bases",
        "repositoryURL": "https://github.com/swift-libp2p/swift-bases.git",
        "state": {
          "branch": null,
          "revision": "b5fb3260b0a2020d17700fbf496e4f9bba5e673e",
          "version": "0.0.4"
        }
      }
    ]
  },
  "version": 1
}
